// !$*UTF8*$!
{
	archiveVersion = 1;
	classes = {
	};
	objectVersion = 46;
	objects = {

/* Begin PBXBuildFile section */
		1725139717C7F2F100A0DF99 /* Question.m in Sources */ = {isa = PBXBuildFile; fileRef = 1725139617C7F2F100A0DF99 /* Question.m */; };
		17B8566117C7E47600770163 /* Foundation.framework in Frameworks */ = {isa = PBXBuildFile; fileRef = 17B8566017C7E47600770163 /* Foundation.framework */; };
		17B8566317C7E47600770163 /* CoreGraphics.framework in Frameworks */ = {isa = PBXBuildFile; fileRef = 17B8566217C7E47600770163 /* CoreGraphics.framework */; };
		17B8566517C7E47600770163 /* UIKit.framework in Frameworks */ = {isa = PBXBuildFile; fileRef = 17B8566417C7E47600770163 /* UIKit.framework */; };
		17B8566B17C7E47600770163 /* InfoPlist.strings in Resources */ = {isa = PBXBuildFile; fileRef = 17B8566917C7E47600770163 /* InfoPlist.strings */; };
		17B8566D17C7E47600770163 /* main.m in Sources */ = {isa = PBXBuildFile; fileRef = 17B8566C17C7E47600770163 /* main.m */; };
		17B8567117C7E47600770163 /* AppDelegate.m in Sources */ = {isa = PBXBuildFile; fileRef = 17B8567017C7E47600770163 /* AppDelegate.m */; };
		17B8567417C7E47600770163 /* Main_iPhone.storyboard in Resources */ = {isa = PBXBuildFile; fileRef = 17B8567217C7E47600770163 /* Main_iPhone.storyboard */; };
		17B8567717C7E47600770163 /* Main_iPad.storyboard in Resources */ = {isa = PBXBuildFile; fileRef = 17B8567517C7E47600770163 /* Main_iPad.storyboard */; };
		17B8567A17C7E47600770163 /* PendingQuestionsViewController.m in Sources */ = {isa = PBXBuildFile; fileRef = 17B8567917C7E47600770163 /* PendingQuestionsViewController.m */; };
		17B8567D17C7E47600770163 /* DetailViewController.m in Sources */ = {isa = PBXBuildFile; fileRef = 17B8567C17C7E47600770163 /* DetailViewController.m */; };
		17B8567F17C7E47600770163 /* Images.xcassets in Resources */ = {isa = PBXBuildFile; fileRef = 17B8567E17C7E47600770163 /* Images.xcassets */; };
		17B8568617C7E47600770163 /* XCTest.framework in Frameworks */ = {isa = PBXBuildFile; fileRef = 17B8568517C7E47600770163 /* XCTest.framework */; };
		17B8568717C7E47600770163 /* Foundation.framework in Frameworks */ = {isa = PBXBuildFile; fileRef = 17B8566017C7E47600770163 /* Foundation.framework */; };
		17B8568817C7E47600770163 /* UIKit.framework in Frameworks */ = {isa = PBXBuildFile; fileRef = 17B8566417C7E47600770163 /* UIKit.framework */; };
		17B8569017C7E47600770163 /* InfoPlist.strings in Resources */ = {isa = PBXBuildFile; fileRef = 17B8568E17C7E47600770163 /* InfoPlist.strings */; };
		17B8569217C7E47600770163 /* AnyQsTests.m in Sources */ = {isa = PBXBuildFile; fileRef = 17B8569117C7E47600770163 /* AnyQsTests.m */; };
		17B8569C17C7E6A500770163 /* Parse.framework in Frameworks */ = {isa = PBXBuildFile; fileRef = 17B8569B17C7E6A500770163 /* Parse.framework */; };
		17B8569E17C7E6D400770163 /* AudioToolbox.framework in Frameworks */ = {isa = PBXBuildFile; fileRef = 17B8569D17C7E6D400770163 /* AudioToolbox.framework */; };
		17B856A017C7E6DC00770163 /* CFNetwork.framework in Frameworks */ = {isa = PBXBuildFile; fileRef = 17B8569F17C7E6DC00770163 /* CFNetwork.framework */; };
		17B856A217C7E6ED00770163 /* CoreLocation.framework in Frameworks */ = {isa = PBXBuildFile; fileRef = 17B856A117C7E6ED00770163 /* CoreLocation.framework */; };
		17B856A417C7E6F600770163 /* libz.1.1.3.dylib in Frameworks */ = {isa = PBXBuildFile; fileRef = 17B856A317C7E6F600770163 /* libz.1.1.3.dylib */; };
		17B856A617C7E70000770163 /* MobileCoreServices.framework in Frameworks */ = {isa = PBXBuildFile; fileRef = 17B856A517C7E70000770163 /* MobileCoreServices.framework */; };
		17B856A817C7E70800770163 /* QuartzCore.framework in Frameworks */ = {isa = PBXBuildFile; fileRef = 17B856A717C7E70800770163 /* QuartzCore.framework */; };
		17B856AA17C7E71000770163 /* Security.framework in Frameworks */ = {isa = PBXBuildFile; fileRef = 17B856A917C7E71000770163 /* Security.framework */; };
		17B856AC17C7E71600770163 /* StoreKit.framework in Frameworks */ = {isa = PBXBuildFile; fileRef = 17B856AB17C7E71600770163 /* StoreKit.framework */; };
		17B856AE17C7E72300770163 /* SystemConfiguration.framework in Frameworks */ = {isa = PBXBuildFile; fileRef = 17B856AD17C7E72300770163 /* SystemConfiguration.framework */; };
/* End PBXBuildFile section */

/* Begin PBXContainerItemProxy section */
		17B8568917C7E47600770163 /* PBXContainerItemProxy */ = {
			isa = PBXContainerItemProxy;
			containerPortal = 17B8565517C7E47600770163 /* Project object */;
			proxyType = 1;
			remoteGlobalIDString = 17B8565C17C7E47600770163;
			remoteInfo = AnyQs;
		};
/* End PBXContainerItemProxy section */

/* Begin PBXFileReference section */
		1725139517C7F2F100A0DF99 /* Question.h */ = {isa = PBXFileReference; fileEncoding = 4; lastKnownFileType = sourcecode.c.h; path = Question.h; sourceTree = "<group>"; };
		1725139617C7F2F100A0DF99 /* Question.m */ = {isa = PBXFileReference; fileEncoding = 4; lastKnownFileType = sourcecode.c.objc; path = Question.m; sourceTree = "<group>"; };
		17B8565D17C7E47600770163 /* AnyQs.app */ = {isa = PBXFileReference; explicitFileType = wrapper.application; includeInIndex = 0; path = AnyQs.app; sourceTree = BUILT_PRODUCTS_DIR; };
		17B8566017C7E47600770163 /* Foundation.framework */ = {isa = PBXFileReference; lastKnownFileType = wrapper.framework; name = Foundation.framework; path = System/Library/Frameworks/Foundation.framework; sourceTree = SDKROOT; };
		17B8566217C7E47600770163 /* CoreGraphics.framework */ = {isa = PBXFileReference; lastKnownFileType = wrapper.framework; name = CoreGraphics.framework; path = System/Library/Frameworks/CoreGraphics.framework; sourceTree = SDKROOT; };
		17B8566417C7E47600770163 /* UIKit.framework */ = {isa = PBXFileReference; lastKnownFileType = wrapper.framework; name = UIKit.framework; path = System/Library/Frameworks/UIKit.framework; sourceTree = SDKROOT; };
		17B8566817C7E47600770163 /* AnyQs-Info.plist */ = {isa = PBXFileReference; lastKnownFileType = text.plist.xml; path = "AnyQs-Info.plist"; sourceTree = "<group>"; };
		17B8566A17C7E47600770163 /* en */ = {isa = PBXFileReference; lastKnownFileType = text.plist.strings; name = en; path = en.lproj/InfoPlist.strings; sourceTree = "<group>"; };
		17B8566C17C7E47600770163 /* main.m */ = {isa = PBXFileReference; lastKnownFileType = sourcecode.c.objc; path = main.m; sourceTree = "<group>"; };
		17B8566E17C7E47600770163 /* AnyQs-Prefix.pch */ = {isa = PBXFileReference; lastKnownFileType = sourcecode.c.h; path = "AnyQs-Prefix.pch"; sourceTree = "<group>"; };
		17B8566F17C7E47600770163 /* AppDelegate.h */ = {isa = PBXFileReference; lastKnownFileType = sourcecode.c.h; path = AppDelegate.h; sourceTree = "<group>"; };
		17B8567017C7E47600770163 /* AppDelegate.m */ = {isa = PBXFileReference; lastKnownFileType = sourcecode.c.objc; path = AppDelegate.m; sourceTree = "<group>"; };
		17B8567317C7E47600770163 /* Base */ = {isa = PBXFileReference; lastKnownFileType = file.storyboard; name = Base; path = Base.lproj/Main_iPhone.storyboard; sourceTree = "<group>"; };
		17B8567617C7E47600770163 /* Base */ = {isa = PBXFileReference; lastKnownFileType = file.storyboard; name = Base; path = Base.lproj/Main_iPad.storyboard; sourceTree = "<group>"; };
		17B8567817C7E47600770163 /* PendingQuestionsViewController.h */ = {isa = PBXFileReference; lastKnownFileType = sourcecode.c.h; path = PendingQuestionsViewController.h; sourceTree = "<group>"; };
		17B8567917C7E47600770163 /* PendingQuestionsViewController.m */ = {isa = PBXFileReference; lastKnownFileType = sourcecode.c.objc; path = PendingQuestionsViewController.m; sourceTree = "<group>"; };
		17B8567B17C7E47600770163 /* DetailViewController.h */ = {isa = PBXFileReference; lastKnownFileType = sourcecode.c.h; path = DetailViewController.h; sourceTree = "<group>"; };
		17B8567C17C7E47600770163 /* DetailViewController.m */ = {isa = PBXFileReference; lastKnownFileType = sourcecode.c.objc; path = DetailViewController.m; sourceTree = "<group>"; };
		17B8567E17C7E47600770163 /* Images.xcassets */ = {isa = PBXFileReference; lastKnownFileType = folder.assetcatalog; path = Images.xcassets; sourceTree = "<group>"; };
		17B8568417C7E47600770163 /* AnyQsTests.xctest */ = {isa = PBXFileReference; explicitFileType = wrapper.cfbundle; includeInIndex = 0; path = AnyQsTests.xctest; sourceTree = BUILT_PRODUCTS_DIR; };
		17B8568517C7E47600770163 /* XCTest.framework */ = {isa = PBXFileReference; lastKnownFileType = wrapper.framework; name = XCTest.framework; path = Library/Frameworks/XCTest.framework; sourceTree = DEVELOPER_DIR; };
		17B8568D17C7E47600770163 /* AnyQsTests-Info.plist */ = {isa = PBXFileReference; lastKnownFileType = text.plist.xml; path = "AnyQsTests-Info.plist"; sourceTree = "<group>"; };
		17B8568F17C7E47600770163 /* en */ = {isa = PBXFileReference; lastKnownFileType = text.plist.strings; name = en; path = en.lproj/InfoPlist.strings; sourceTree = "<group>"; };
		17B8569117C7E47600770163 /* AnyQsTests.m */ = {isa = PBXFileReference; lastKnownFileType = sourcecode.c.objc; path = AnyQsTests.m; sourceTree = "<group>"; };
		17B8569B17C7E6A500770163 /* Parse.framework */ = {isa = PBXFileReference; lastKnownFileType = wrapper.framework; name = Parse.framework; path = ../../Downloads/Parse.framework; sourceTree = "<group>"; };
		17B8569D17C7E6D400770163 /* AudioToolbox.framework */ = {isa = PBXFileReference; lastKnownFileType = wrapper.framework; name = AudioToolbox.framework; path = System/Library/Frameworks/AudioToolbox.framework; sourceTree = SDKROOT; };
		17B8569F17C7E6DC00770163 /* CFNetwork.framework */ = {isa = PBXFileReference; lastKnownFileType = wrapper.framework; name = CFNetwork.framework; path = System/Library/Frameworks/CFNetwork.framework; sourceTree = SDKROOT; };
		17B856A117C7E6ED00770163 /* CoreLocation.framework */ = {isa = PBXFileReference; lastKnownFileType = wrapper.framework; name = CoreLocation.framework; path = System/Library/Frameworks/CoreLocation.framework; sourceTree = SDKROOT; };
		17B856A317C7E6F600770163 /* libz.1.1.3.dylib */ = {isa = PBXFileReference; lastKnownFileType = "compiled.mach-o.dylib"; name = libz.1.1.3.dylib; path = usr/lib/libz.1.1.3.dylib; sourceTree = SDKROOT; };
		17B856A517C7E70000770163 /* MobileCoreServices.framework */ = {isa = PBXFileReference; lastKnownFileType = wrapper.framework; name = MobileCoreServices.framework; path = System/Library/Frameworks/MobileCoreServices.framework; sourceTree = SDKROOT; };
		17B856A717C7E70800770163 /* QuartzCore.framework */ = {isa = PBXFileReference; lastKnownFileType = wrapper.framework; name = QuartzCore.framework; path = System/Library/Frameworks/QuartzCore.framework; sourceTree = SDKROOT; };
		17B856A917C7E71000770163 /* Security.framework */ = {isa = PBXFileReference; lastKnownFileType = wrapper.framework; name = Security.framework; path = System/Library/Frameworks/Security.framework; sourceTree = SDKROOT; };
		17B856AB17C7E71600770163 /* StoreKit.framework */ = {isa = PBXFileReference; lastKnownFileType = wrapper.framework; name = StoreKit.framework; path = System/Library/Frameworks/StoreKit.framework; sourceTree = SDKROOT; };
		17B856AD17C7E72300770163 /* SystemConfiguration.framework */ = {isa = PBXFileReference; lastKnownFileType = wrapper.framework; name = SystemConfiguration.framework; path = System/Library/Frameworks/SystemConfiguration.framework; sourceTree = SDKROOT; };
/* End PBXFileReference section */

/* Begin PBXFrameworksBuildPhase section */
		17B8565A17C7E47600770163 /* Frameworks */ = {
			isa = PBXFrameworksBuildPhase;
			buildActionMask = 2147483647;
			files = (
				17B856AE17C7E72300770163 /* SystemConfiguration.framework in Frameworks */,
				17B856AC17C7E71600770163 /* StoreKit.framework in Frameworks */,
				17B856AA17C7E71000770163 /* Security.framework in Frameworks */,
				17B856A817C7E70800770163 /* QuartzCore.framework in Frameworks */,
				17B856A617C7E70000770163 /* MobileCoreServices.framework in Frameworks */,
				17B856A417C7E6F600770163 /* libz.1.1.3.dylib in Frameworks */,
				17B856A217C7E6ED00770163 /* CoreLocation.framework in Frameworks */,
				17B8566317C7E47600770163 /* CoreGraphics.framework in Frameworks */,
				17B856A017C7E6DC00770163 /* CFNetwork.framework in Frameworks */,
				17B8569E17C7E6D400770163 /* AudioToolbox.framework in Frameworks */,
				17B8566517C7E47600770163 /* UIKit.framework in Frameworks */,
				17B8569C17C7E6A500770163 /* Parse.framework in Frameworks */,
				17B8566117C7E47600770163 /* Foundation.framework in Frameworks */,
			);
			runOnlyForDeploymentPostprocessing = 0;
		};
		17B8568117C7E47600770163 /* Frameworks */ = {
			isa = PBXFrameworksBuildPhase;
			buildActionMask = 2147483647;
			files = (
				17B8568617C7E47600770163 /* XCTest.framework in Frameworks */,
				17B8568817C7E47600770163 /* UIKit.framework in Frameworks */,
				17B8568717C7E47600770163 /* Foundation.framework in Frameworks */,
			);
			runOnlyForDeploymentPostprocessing = 0;
		};
/* End PBXFrameworksBuildPhase section */

/* Begin PBXGroup section */
		17B8565417C7E47600770163 = {
			isa = PBXGroup;
			children = (
				17B8566617C7E47600770163 /* AnyQs */,
				17B8568B17C7E47600770163 /* AnyQsTests */,
				17B8565F17C7E47600770163 /* Frameworks */,
				17B8565E17C7E47600770163 /* Products */,
			);
			sourceTree = "<group>";
		};
		17B8565E17C7E47600770163 /* Products */ = {
			isa = PBXGroup;
			children = (
				17B8565D17C7E47600770163 /* AnyQs.app */,
				17B8568417C7E47600770163 /* AnyQsTests.xctest */,
			);
			name = Products;
			sourceTree = "<group>";
		};
		17B8565F17C7E47600770163 /* Frameworks */ = {
			isa = PBXGroup;
			children = (
				17B856AD17C7E72300770163 /* SystemConfiguration.framework */,
				17B856AB17C7E71600770163 /* StoreKit.framework */,
				17B856A917C7E71000770163 /* Security.framework */,
				17B856A717C7E70800770163 /* QuartzCore.framework */,
				17B856A517C7E70000770163 /* MobileCoreServices.framework */,
				17B856A317C7E6F600770163 /* libz.1.1.3.dylib */,
				17B856A117C7E6ED00770163 /* CoreLocation.framework */,
				17B8569F17C7E6DC00770163 /* CFNetwork.framework */,
				17B8569D17C7E6D400770163 /* AudioToolbox.framework */,
				17B8569B17C7E6A500770163 /* Parse.framework */,
				17B8566017C7E47600770163 /* Foundation.framework */,
				17B8566217C7E47600770163 /* CoreGraphics.framework */,
				17B8566417C7E47600770163 /* UIKit.framework */,
				17B8568517C7E47600770163 /* XCTest.framework */,
			);
			name = Frameworks;
			sourceTree = "<group>";
		};
		17B8566617C7E47600770163 /* AnyQs */ = {
			isa = PBXGroup;
			children = (
				17B8566F17C7E47600770163 /* AppDelegate.h */,
				17B8567017C7E47600770163 /* AppDelegate.m */,
				17B8567217C7E47600770163 /* Main_iPhone.storyboard */,
				17B8567517C7E47600770163 /* Main_iPad.storyboard */,
				17B8567817C7E47600770163 /* PendingQuestionsViewController.h */,
				17B8567917C7E47600770163 /* PendingQuestionsViewController.m */,
				17B8567B17C7E47600770163 /* DetailViewController.h */,
				17B8567C17C7E47600770163 /* DetailViewController.m */,
				17B8567E17C7E47600770163 /* Images.xcassets */,
				17B8566717C7E47600770163 /* Supporting Files */,
				1725139517C7F2F100A0DF99 /* Question.h */,
				1725139617C7F2F100A0DF99 /* Question.m */,
			);
			path = AnyQs;
			sourceTree = "<group>";
		};
		17B8566717C7E47600770163 /* Supporting Files */ = {
			isa = PBXGroup;
			children = (
				17B8566817C7E47600770163 /* AnyQs-Info.plist */,
				17B8566917C7E47600770163 /* InfoPlist.strings */,
				17B8566C17C7E47600770163 /* main.m */,
				17B8566E17C7E47600770163 /* AnyQs-Prefix.pch */,
			);
			name = "Supporting Files";
			sourceTree = "<group>";
		};
		17B8568B17C7E47600770163 /* AnyQsTests */ = {
			isa = PBXGroup;
			children = (
				17B8569117C7E47600770163 /* AnyQsTests.m */,
				17B8568C17C7E47600770163 /* Supporting Files */,
			);
			path = AnyQsTests;
			sourceTree = "<group>";
		};
		17B8568C17C7E47600770163 /* Supporting Files */ = {
			isa = PBXGroup;
			children = (
				17B8568D17C7E47600770163 /* AnyQsTests-Info.plist */,
				17B8568E17C7E47600770163 /* InfoPlist.strings */,
			);
			name = "Supporting Files";
			sourceTree = "<group>";
		};
/* End PBXGroup section */

/* Begin PBXNativeTarget section */
		17B8565C17C7E47600770163 /* AnyQs */ = {
			isa = PBXNativeTarget;
			buildConfigurationList = 17B8569517C7E47600770163 /* Build configuration list for PBXNativeTarget "AnyQs" */;
			buildPhases = (
				17B8565917C7E47600770163 /* Sources */,
				17B8565A17C7E47600770163 /* Frameworks */,
				17B8565B17C7E47600770163 /* Resources */,
			);
			buildRules = (
			);
			dependencies = (
			);
			name = AnyQs;
			productName = AnyQs;
			productReference = 17B8565D17C7E47600770163 /* AnyQs.app */;
			productType = "com.apple.product-type.application";
		};
		17B8568317C7E47600770163 /* AnyQsTests */ = {
			isa = PBXNativeTarget;
			buildConfigurationList = 17B8569817C7E47600770163 /* Build configuration list for PBXNativeTarget "AnyQsTests" */;
			buildPhases = (
				17B8568017C7E47600770163 /* Sources */,
				17B8568117C7E47600770163 /* Frameworks */,
				17B8568217C7E47600770163 /* Resources */,
			);
			buildRules = (
			);
			dependencies = (
				17B8568A17C7E47600770163 /* PBXTargetDependency */,
			);
			name = AnyQsTests;
			productName = AnyQsTests;
			productReference = 17B8568417C7E47600770163 /* AnyQsTests.xctest */;
			productType = "com.apple.product-type.bundle.unit-test";
		};
/* End PBXNativeTarget section */

/* Begin PBXProject section */
		17B8565517C7E47600770163 /* Project object */ = {
			isa = PBXProject;
			attributes = {
				LastUpgradeCheck = 0500;
				ORGANIZATIONNAME = "Thomas Bouldin";
				TargetAttributes = {
					17B8568317C7E47600770163 = {
						TestTargetID = 17B8565C17C7E47600770163;
					};
				};
			};
			buildConfigurationList = 17B8565817C7E47600770163 /* Build configuration list for PBXProject "AnyQs" */;
			compatibilityVersion = "Xcode 3.2";
			developmentRegion = English;
			hasScannedForEncodings = 0;
			knownRegions = (
				en,
				Base,
			);
			mainGroup = 17B8565417C7E47600770163;
			productRefGroup = 17B8565E17C7E47600770163 /* Products */;
			projectDirPath = "";
			projectRoot = "";
			targets = (
				17B8565C17C7E47600770163 /* AnyQs */,
				17B8568317C7E47600770163 /* AnyQsTests */,
			);
		};
/* End PBXProject section */

/* Begin PBXResourcesBuildPhase section */
		17B8565B17C7E47600770163 /* Resources */ = {
			isa = PBXResourcesBuildPhase;
			buildActionMask = 2147483647;
			files = (
				17B8567717C7E47600770163 /* Main_iPad.storyboard in Resources */,
				17B8567F17C7E47600770163 /* Images.xcassets in Resources */,
				17B8567417C7E47600770163 /* Main_iPhone.storyboard in Resources */,
				17B8566B17C7E47600770163 /* InfoPlist.strings in Resources */,
			);
			runOnlyForDeploymentPostprocessing = 0;
		};
		17B8568217C7E47600770163 /* Resources */ = {
			isa = PBXResourcesBuildPhase;
			buildActionMask = 2147483647;
			files = (
				17B8569017C7E47600770163 /* InfoPlist.strings in Resources */,
			);
			runOnlyForDeploymentPostprocessing = 0;
		};
/* End PBXResourcesBuildPhase section */

/* Begin PBXSourcesBuildPhase section */
		17B8565917C7E47600770163 /* Sources */ = {
			isa = PBXSourcesBuildPhase;
			buildActionMask = 2147483647;
			files = (
				17B8567117C7E47600770163 /* AppDelegate.m in Sources */,
				17B8567A17C7E47600770163 /* PendingQuestionsViewController.m in Sources */,
				1725139717C7F2F100A0DF99 /* Question.m in Sources */,
				17B8566D17C7E47600770163 /* main.m in Sources */,
				17B8567D17C7E47600770163 /* DetailViewController.m in Sources */,
			);
			runOnlyForDeploymentPostprocessing = 0;
		};
		17B8568017C7E47600770163 /* Sources */ = {
			isa = PBXSourcesBuildPhase;
			buildActionMask = 2147483647;
			files = (
				17B8569217C7E47600770163 /* AnyQsTests.m in Sources */,
			);
			runOnlyForDeploymentPostprocessing = 0;
		};
/* End PBXSourcesBuildPhase section */

/* Begin PBXTargetDependency section */
		17B8568A17C7E47600770163 /* PBXTargetDependency */ = {
			isa = PBXTargetDependency;
			target = 17B8565C17C7E47600770163 /* AnyQs */;
			targetProxy = 17B8568917C7E47600770163 /* PBXContainerItemProxy */;
		};
/* End PBXTargetDependency section */

/* Begin PBXVariantGroup section */
		17B8566917C7E47600770163 /* InfoPlist.strings */ = {
			isa = PBXVariantGroup;
			children = (
				17B8566A17C7E47600770163 /* en */,
			);
			name = InfoPlist.strings;
			sourceTree = "<group>";
		};
		17B8567217C7E47600770163 /* Main_iPhone.storyboard */ = {
			isa = PBXVariantGroup;
			children = (
				17B8567317C7E47600770163 /* Base */,
			);
			name = Main_iPhone.storyboard;
			sourceTree = "<group>";
		};
		17B8567517C7E47600770163 /* Main_iPad.storyboard */ = {
			isa = PBXVariantGroup;
			children = (
				17B8567617C7E47600770163 /* Base */,
			);
			name = Main_iPad.storyboard;
			sourceTree = "<group>";
		};
		17B8568E17C7E47600770163 /* InfoPlist.strings */ = {
			isa = PBXVariantGroup;
			children = (
				17B8568F17C7E47600770163 /* en */,
			);
			name = InfoPlist.strings;
			sourceTree = "<group>";
		};
/* End PBXVariantGroup section */

/* Begin XCBuildConfiguration section */
		17B8569317C7E47600770163 /* Debug */ = {
			isa = XCBuildConfiguration;
			buildSettings = {
				ALWAYS_SEARCH_USER_PATHS = NO;
				CLANG_CXX_LANGUAGE_STANDARD = "gnu++0x";
				CLANG_CXX_LIBRARY = "libc++";
				CLANG_ENABLE_MODULES = YES;
				CLANG_ENABLE_OBJC_ARC = YES;
				CLANG_WARN_BOOL_CONVERSION = YES;
				CLANG_WARN_CONSTANT_CONVERSION = YES;
				CLANG_WARN_DIRECT_OBJC_ISA_USAGE = YES_ERROR;
				CLANG_WARN_EMPTY_BODY = YES;
				CLANG_WARN_ENUM_CONVERSION = YES;
				CLANG_WARN_INT_CONVERSION = YES;
				CLANG_WARN_OBJC_ROOT_CLASS = YES_ERROR;
				CLANG_WARN__DUPLICATE_METHOD_MATCH = YES;
				"CODE_SIGN_IDENTITY[sdk=iphoneos*]" = "iPhone Developer";
				COPY_PHASE_STRIP = NO;
				GCC_C_LANGUAGE_STANDARD = gnu99;
				GCC_DYNAMIC_NO_PIC = NO;
				GCC_OPTIMIZATION_LEVEL = 0;
				GCC_PREPROCESSOR_DEFINITIONS = (
					"DEBUG=1",
					"$(inherited)",
				);
				GCC_SYMBOLS_PRIVATE_EXTERN = NO;
				GCC_WARN_ABOUT_RETURN_TYPE = YES_ERROR;
				GCC_WARN_UNDECLARED_SELECTOR = YES;
				GCC_WARN_UNINITIALIZED_AUTOS = YES;
				GCC_WARN_UNUSED_FUNCTION = YES;
				GCC_WARN_UNUSED_VARIABLE = YES;
				IPHONEOS_DEPLOYMENT_TARGET = 7.0;
				ONLY_ACTIVE_ARCH = YES;
				SDKROOT = iphoneos;
				TARGETED_DEVICE_FAMILY = "1,2";
			};
			name = Debug;
		};
		17B8569417C7E47600770163 /* Release */ = {
			isa = XCBuildConfiguration;
			buildSettings = {
				ALWAYS_SEARCH_USER_PATHS = NO;
				CLANG_CXX_LANGUAGE_STANDARD = "gnu++0x";
				CLANG_CXX_LIBRARY = "libc++";
				CLANG_ENABLE_MODULES = YES;
				CLANG_ENABLE_OBJC_ARC = YES;
				CLANG_WARN_BOOL_CONVERSION = YES;
				CLANG_WARN_CONSTANT_CONVERSION = YES;
				CLANG_WARN_DIRECT_OBJC_ISA_USAGE = YES_ERROR;
				CLANG_WARN_EMPTY_BODY = YES;
				CLANG_WARN_ENUM_CONVERSION = YES;
				CLANG_WARN_INT_CONVERSION = YES;
				CLANG_WARN_OBJC_ROOT_CLASS = YES_ERROR;
				CLANG_WARN__DUPLICATE_METHOD_MATCH = YES;
				"CODE_SIGN_IDENTITY[sdk=iphoneos*]" = "iPhone Developer";
				COPY_PHASE_STRIP = YES;
				ENABLE_NS_ASSERTIONS = NO;
				GCC_C_LANGUAGE_STANDARD = gnu99;
				GCC_WARN_ABOUT_RETURN_TYPE = YES_ERROR;
				GCC_WARN_UNDECLARED_SELECTOR = YES;
				GCC_WARN_UNINITIALIZED_AUTOS = YES;
				GCC_WARN_UNUSED_FUNCTION = YES;
				GCC_WARN_UNUSED_VARIABLE = YES;
				IPHONEOS_DEPLOYMENT_TARGET = 7.0;
				SDKROOT = iphoneos;
				TARGETED_DEVICE_FAMILY = "1,2";
				VALIDATE_PRODUCT = YES;
			};
			name = Release;
		};
		17B8569617C7E47600770163 /* Debug */ = {
			isa = XCBuildConfiguration;
			buildSettings = {
				ASSETCATALOG_COMPILER_APPICON_NAME = AppIcon;
				ASSETCATALOG_COMPILER_LAUNCHIMAGE_NAME = LaunchImage;
				FRAMEWORK_SEARCH_PATHS = (
					"$(inherited)",
					"$(SRCROOT)/../../Downloads",
				);
				GCC_PRECOMPILE_PREFIX_HEADER = YES;
				GCC_PREFIX_HEADER = "AnyQs/AnyQs-Prefix.pch";
				INFOPLIST_FILE = "AnyQs/AnyQs-Info.plist";
				PRODUCT_NAME = "$(TARGET_NAME)";
				WRAPPER_EXTENSION = app;
			};
			name = Debug;
		};
		17B8569717C7E47600770163 /* Release */ = {
			isa = XCBuildConfiguration;
			buildSettings = {
				ASSETCATALOG_COMPILER_APPICON_NAME = AppIcon;
				ASSETCATALOG_COMPILER_LAUNCHIMAGE_NAME = LaunchImage;
				FRAMEWORK_SEARCH_PATHS = (
					"$(inherited)",
					"$(SRCROOT)/../../Downloads",
				);
				GCC_PRECOMPILE_PREFIX_HEADER = YES;
				GCC_PREFIX_HEADER = "AnyQs/AnyQs-Prefix.pch";
				INFOPLIST_FILE = "AnyQs/AnyQs-Info.plist";
				PRODUCT_NAME = "$(TARGET_NAME)";
				WRAPPER_EXTENSION = app;
			};
			name = Release;
		};
		17B8569917C7E47600770163 /* Debug */ = {
			isa = XCBuildConfiguration;
			buildSettings = {
				BUNDLE_LOADER = "$(BUILT_PRODUCTS_DIR)/AnyQs.app/AnyQs";
				FRAMEWORK_SEARCH_PATHS = (
					"$(SDKROOT)/Developer/Library/Frameworks",
					"$(inherited)",
					"$(SYSTEM_APPS_DIR)/Xcode5-DP.app/Contents/Developer/Library/Frameworks",
				);
				GCC_PRECOMPILE_PREFIX_HEADER = YES;
				GCC_PREFIX_HEADER = "AnyQs/AnyQs-Prefix.pch";
				GCC_PREPROCESSOR_DEFINITIONS = (
					"DEBUG=1",
					"$(inherited)",
				);
				INFOPLIST_FILE = "AnyQsTests/AnyQsTests-Info.plist";
				PRODUCT_NAME = "$(TARGET_NAME)";
				TEST_HOST = "$(BUNDLE_LOADER)";
				WRAPPER_EXTENSION = xctest;
			};
			name = Debug;
		};
		17B8569A17C7E47600770163 /* Release */ = {
			isa = XCBuildConfiguration;
			buildSettings = {
				BUNDLE_LOADER = "$(BUILT_PRODUCTS_DIR)/AnyQs.app/AnyQs";
				FRAMEWORK_SEARCH_PATHS = (
					"$(SDKROOT)/Developer/Library/Frameworks",
					"$(inherited)",
					"$(SYSTEM_APPS_DIR)/Xcode5-DP.app/Contents/Developer/Library/Frameworks",
				);
				GCC_PRECOMPILE_PREFIX_HEADER = YES;
				GCC_PREFIX_HEADER = "AnyQs/AnyQs-Prefix.pch";
				INFOPLIST_FILE = "AnyQsTests/AnyQsTests-Info.plist";
				PRODUCT_NAME = "$(TARGET_NAME)";
				TEST_HOST = "$(BUNDLE_LOADER)";
				WRAPPER_EXTENSION = xctest;
			};
			name = Release;
		};
/* End XCBuildConfiguration section */

/* Begin XCConfigurationList section */
		17B8565817C7E47600770163 /* Build configuration list for PBXProject "AnyQs" */ = {
			isa = XCConfigurationList;
			buildConfigurations = (
				17B8569317C7E47600770163 /* Debug */,
				17B8569417C7E47600770163 /* Release */,
			);
			defaultConfigurationIsVisible = 0;
			defaultConfigurationName = Release;
		};
		17B8569517C7E47600770163 /* Build configuration list for PBXNativeTarget "AnyQs" */ = {
			isa = XCConfigurationList;
			buildConfigurations = (
				17B8569617C7E47600770163 /* Debug */,
				17B8569717C7E47600770163 /* Release */,
			);
			defaultConfigurationIsVisible = 0;
			defaultConfigurationName = Release;
		};
		17B8569817C7E47600770163 /* Build configuration list for PBXNativeTarget "AnyQsTests" */ = {
			isa = XCConfigurationList;
			buildConfigurations = (
				17B8569917C7E47600770163 /* Debug */,
				17B8569A17C7E47600770163 /* Release */,
			);
			defaultConfigurationIsVisible = 0;
			defaultConfigurationName = Release;
		};
/* End XCConfigurationList section */
	};
	rootObject = 17B8565517C7E47600770163 /* Project object */;
}
